
Microsoft Visual Studio Solution File, Format Version 12.00
# Visual Studio 15
VisualStudioVersion = 15.0.26430.15
MinimumVisualStudioVersion = 10.0.40219.1
Project("{FAE04EC0-301F-11D3-BF4B-00C04F79EFBC}") = "TestSudoku", "TestSudoku\TestSudoku.csproj", "{025CE5A9-DCBE-4D4E-AE35-9E8908CCEBE6}"
EndProject
Project("{FAE04EC0-301F-11D3-BF4B-00C04F79EFBC}") = "SudokuTesting", "SudokuTesting\SudokuTesting.csproj", "{9D1D7CFE-E959-4CE4-9594-2A4F051E9E44}"
EndProject
Global
	GlobalSection(SolutionConfigurationPlatforms) = preSolution
		Debug|Any CPU = Debug|Any CPU
		Release|Any CPU = Release|Any CPU
	EndGlobalSection
	GlobalSection(ProjectConfigurationPlatforms) = postSolution
		{025CE5A9-DCBE-4D4E-AE35-9E8908CCEBE6}.Debug|Any CPU.ActiveCfg = Debug|Any CPU
		{025CE5A9-DCBE-4D4E-AE35-9E8908CCEBE6}.Debug|Any CPU.Build.0 = Debug|Any CPU
		{025CE5A9-DCBE-4D4E-AE35-9E8908CCEBE6}.Release|Any CPU.ActiveCfg = Release|Any CPU
		{025CE5A9-DCBE-4D4E-AE35-9E8908CCEBE6}.Release|Any CPU.Build.0 = Release|Any CPU
		{9D1D7CFE-E959-4CE4-9594-2A4F051E9E44}.Debug|Any CPU.ActiveCfg = Debug|Any CPU
		{9D1D7CFE-E959-4CE4-9594-2A4F051E9E44}.Debug|Any CPU.Build.0 = Debug|Any CPU
		{9D1D7CFE-E959-4CE4-9594-2A4F051E9E44}.Release|Any CPU.ActiveCfg = Release|Any CPU
		{9D1D7CFE-E959-4CE4-9594-2A4F051E9E44}.Release|Any CPU.Build.0 = Release|Any CPU
	EndGlobalSection
	GlobalSection(SolutionProperties) = preSolution
		HideSolutionNode = FALSE
	EndGlobalSection
EndGlobal
